
Microsoft Visual Studio Solution File, Format Version 12.00
# Visual Studio 15
VisualStudioVersion = 15.0.28307.136
MinimumVisualStudioVersion = 10.0.40219.1
Project("{9A19103F-16F7-4668-BE54-9A1E7A4F7556}") = "EFCore.OpenEdge", "src\EFCore.OpenEdge\EFCore.OpenEdge.csproj", "{21A6CF0F-EBB8-48CA-A843-ECFF81F94E0D}"
EndProject
Project("{2150E333-8FDC-42A3-9474-1A3956D46DE8}") = "test", "test", "{0C88DD14-F956-CE84-757C-A364CCF449FC}"
EndProject
Project("{FAE04EC0-301F-11D3-BF4B-00C04F79EFBC}") = "EFCore.OpenEdge.Tests", "test\EFCore.OpenEdge.Tests\EFCore.OpenEdge.Tests.csproj", "{C2C2216F-6748-4CEC-84A5-2147C7C2E23F}"
EndProject
Global
	GlobalSection(SolutionConfigurationPlatforms) = preSolution
		Debug|Any CPU = Debug|Any CPU
		Debug|x64 = Debug|x64
		Debug|x86 = Debug|x86
		Release|Any CPU = Release|Any CPU
		Release|x64 = Release|x64
		Release|x86 = Release|x86
	EndGlobalSection
	GlobalSection(ProjectConfigurationPlatforms) = postSolution
		{21A6CF0F-EBB8-48CA-A843-ECFF81F94E0D}.Debug|Any CPU.ActiveCfg = Debug|Any CPU
		{21A6CF0F-EBB8-48CA-A843-ECFF81F94E0D}.Debug|Any CPU.Build.0 = Debug|Any CPU
		{21A6CF0F-EBB8-48CA-A843-ECFF81F94E0D}.Debug|x64.ActiveCfg = Debug|Any CPU
		{21A6CF0F-EBB8-48CA-A843-ECFF81F94E0D}.Debug|x64.Build.0 = Debug|Any CPU
		{21A6CF0F-EBB8-48CA-A843-ECFF81F94E0D}.Debug|x86.ActiveCfg = Debug|Any CPU
		{21A6CF0F-EBB8-48CA-A843-ECFF81F94E0D}.Debug|x86.Build.0 = Debug|Any CPU
		{21A6CF0F-EBB8-48CA-A843-ECFF81F94E0D}.Release|Any CPU.ActiveCfg = Release|Any CPU
		{21A6CF0F-EBB8-48CA-A843-ECFF81F94E0D}.Release|Any CPU.Build.0 = Release|Any CPU
		{21A6CF0F-EBB8-48CA-A843-ECFF81F94E0D}.Release|x64.ActiveCfg = Release|Any CPU
		{21A6CF0F-EBB8-48CA-A843-ECFF81F94E0D}.Release|x64.Build.0 = Release|Any CPU
		{21A6CF0F-EBB8-48CA-A843-ECFF81F94E0D}.Release|x86.ActiveCfg = Release|Any CPU
		{21A6CF0F-EBB8-48CA-A843-ECFF81F94E0D}.Release|x86.Build.0 = Release|Any CPU
		{C2C2216F-6748-4CEC-84A5-2147C7C2E23F}.Debug|Any CPU.ActiveCfg = Debug|Any CPU
		{C2C2216F-6748-4CEC-84A5-2147C7C2E23F}.Debug|Any CPU.Build.0 = Debug|Any CPU
		{C2C2216F-6748-4CEC-84A5-2147C7C2E23F}.Debug|x64.ActiveCfg = Debug|Any CPU
		{C2C2216F-6748-4CEC-84A5-2147C7C2E23F}.Debug|x64.Build.0 = Debug|Any CPU
		{C2C2216F-6748-4CEC-84A5-2147C7C2E23F}.Debug|x86.ActiveCfg = Debug|Any CPU
		{C2C2216F-6748-4CEC-84A5-2147C7C2E23F}.Debug|x86.Build.0 = Debug|Any CPU
		{C2C2216F-6748-4CEC-84A5-2147C7C2E23F}.Release|Any CPU.ActiveCfg = Release|Any CPU
		{C2C2216F-6748-4CEC-84A5-2147C7C2E23F}.Release|Any CPU.Build.0 = Release|Any CPU
		{C2C2216F-6748-4CEC-84A5-2147C7C2E23F}.Release|x64.ActiveCfg = Release|Any CPU
		{C2C2216F-6748-4CEC-84A5-2147C7C2E23F}.Release|x64.Build.0 = Release|Any CPU
		{C2C2216F-6748-4CEC-84A5-2147C7C2E23F}.Release|x86.ActiveCfg = Release|Any CPU
		{C2C2216F-6748-4CEC-84A5-2147C7C2E23F}.Release|x86.Build.0 = Release|Any CPU
	EndGlobalSection
	GlobalSection(SolutionProperties) = preSolution
		HideSolutionNode = FALSE
	EndGlobalSection
	GlobalSection(NestedProjects) = preSolution
		{C2C2216F-6748-4CEC-84A5-2147C7C2E23F} = {0C88DD14-F956-CE84-757C-A364CCF449FC}
	EndGlobalSection
	GlobalSection(ExtensibilityGlobals) = postSolution
		SolutionGuid = {36C294ED-9ECE-42AA-8273-31E008749AF3}
	EndGlobalSection
EndGlobal
